
Microsoft Visual Studio Solution File, Format Version 12.00
# Visual Studio Version 16
VisualStudioVersion = 25.0.1706.11
MinimumVisualStudioVersion = 10.0.40219.1
Project("{FAE04EC0-301F-11D3-BF4B-00C04F79EFBC}") = "ASPNETCoreAPI-day2", "ASPNETCoreAPI-day2.csproj", "{8FF1E873-49E1-4F73-933F-B20CFC86D035}"
EndProject
Global
	GlobalSection(SolutionConfigurationPlatforms) = preSolution
		Debug|Any CPU = Debug|Any CPU
		Release|Any CPU = Release|Any CPU
	EndGlobalSection
	GlobalSection(ProjectConfigurationPlatforms) = postSolution
		{8FF1E873-49E1-4F73-933F-B20CFC86D035}.Debug|Any CPU.ActiveCfg = Debug|Any CPU
		{8FF1E873-49E1-4F73-933F-B20CFC86D035}.Debug|Any CPU.Build.0 = Debug|Any CPU
		{8FF1E873-49E1-4F73-933F-B20CFC86D035}.Release|Any CPU.ActiveCfg = Release|Any CPU
		{8FF1E873-49E1-4F73-933F-B20CFC86D035}.Release|Any CPU.Build.0 = Release|Any CPU
	EndGlobalSection
	GlobalSection(SolutionProperties) = preSolution
		HideSolutionNode = FALSE
	EndGlobalSection
	GlobalSection(ExtensibilityGlobals) = postSolution
		SolutionGuid = {2035DA85-2350-4A04-9AFB-7D567A2EC80E}
	EndGlobalSection
EndGlobal
